
Microsoft Visual Studio Solution File, Format Version 12.00
# Visual Studio Version 16
VisualStudioVersion = 16.0.28803.202
MinimumVisualStudioVersion = 10.0.40219.1
Project("{9A19103F-16F7-4668-BE54-9A1E7A4F7556}") = "RobofestWTECore", "RobofestWTECore\RobofestWTECore.csproj", "{B243CB96-E0BA-46CB-9123-FE435FB5CE30}"
EndProject
Global
	GlobalSection(SolutionConfigurationPlatforms) = preSolution
		Debug|Any CPU = Debug|Any CPU
		Release|Any CPU = Release|Any CPU
	EndGlobalSection
	GlobalSection(ProjectConfigurationPlatforms) = postSolution
		{B243CB96-E0BA-46CB-9123-FE435FB5CE30}.Debug|Any CPU.ActiveCfg = Debug|Any CPU
		{B243CB96-E0BA-46CB-9123-FE435FB5CE30}.Debug|Any CPU.Build.0 = Debug|Any CPU
		{B243CB96-E0BA-46CB-9123-FE435FB5CE30}.Release|Any CPU.ActiveCfg = Release|Any CPU
		{B243CB96-E0BA-46CB-9123-FE435FB5CE30}.Release|Any CPU.Build.0 = Release|Any CPU
	EndGlobalSection
	GlobalSection(SolutionProperties) = preSolution
		HideSolutionNode = FALSE
	EndGlobalSection
	GlobalSection(ExtensibilityGlobals) = postSolution
		SolutionGuid = {7B228BD9-E381-4CE0-AE95-2E35F8462CC3}
	EndGlobalSection
EndGlobal
